
Microsoft Visual Studio Solution File, Format Version 12.00
# Visual Studio Version 17
VisualStudioVersion = 17.0.31903.59
MinimumVisualStudioVersion = 10.0.40219.1
Project("{FAE04EC0-301F-11D3-BF4B-00C04F79EFBC}") = "API", "API\API.csproj", "{71022A89-3819-4A81-A718-045273BE7C50}"
EndProject
Project("{FAE04EC0-301F-11D3-BF4B-00C04F79EFBC}") = "Application", "Application\Application.csproj", "{FFB05F9F-9D6C-4947-889C-43C19C9C699F}"
EndProject
Project("{FAE04EC0-301F-11D3-BF4B-00C04F79EFBC}") = "Domain", "Domain\Domain.csproj", "{445D0053-B266-4F4E-9DFE-658CA2E0EC8E}"
EndProject
Project("{FAE04EC0-301F-11D3-BF4B-00C04F79EFBC}") = "Persistence", "Persistence\Persistence.csproj", "{725E14FF-E012-4CB9-BBB0-73185BA6486B}"
EndProject
Global
	GlobalSection(SolutionConfigurationPlatforms) = preSolution
		Debug|Any CPU = Debug|Any CPU
		Debug|x64 = Debug|x64
		Debug|x86 = Debug|x86
		Release|Any CPU = Release|Any CPU
		Release|x64 = Release|x64
		Release|x86 = Release|x86
	EndGlobalSection
	GlobalSection(ProjectConfigurationPlatforms) = postSolution
		{71022A89-3819-4A81-A718-045273BE7C50}.Debug|Any CPU.ActiveCfg = Debug|Any CPU
		{71022A89-3819-4A81-A718-045273BE7C50}.Debug|Any CPU.Build.0 = Debug|Any CPU
		{71022A89-3819-4A81-A718-045273BE7C50}.Debug|x64.ActiveCfg = Debug|Any CPU
		{71022A89-3819-4A81-A718-045273BE7C50}.Debug|x64.Build.0 = Debug|Any CPU
		{71022A89-3819-4A81-A718-045273BE7C50}.Debug|x86.ActiveCfg = Debug|Any CPU
		{71022A89-3819-4A81-A718-045273BE7C50}.Debug|x86.Build.0 = Debug|Any CPU
		{71022A89-3819-4A81-A718-045273BE7C50}.Release|Any CPU.ActiveCfg = Release|Any CPU
		{71022A89-3819-4A81-A718-045273BE7C50}.Release|Any CPU.Build.0 = Release|Any CPU
		{71022A89-3819-4A81-A718-045273BE7C50}.Release|x64.ActiveCfg = Release|Any CPU
		{71022A89-3819-4A81-A718-045273BE7C50}.Release|x64.Build.0 = Release|Any CPU
		{71022A89-3819-4A81-A718-045273BE7C50}.Release|x86.ActiveCfg = Release|Any CPU
		{71022A89-3819-4A81-A718-045273BE7C50}.Release|x86.Build.0 = Release|Any CPU
		{FFB05F9F-9D6C-4947-889C-43C19C9C699F}.Debug|Any CPU.ActiveCfg = Debug|Any CPU
		{FFB05F9F-9D6C-4947-889C-43C19C9C699F}.Debug|Any CPU.Build.0 = Debug|Any CPU
		{FFB05F9F-9D6C-4947-889C-43C19C9C699F}.Debug|x64.ActiveCfg = Debug|Any CPU
		{FFB05F9F-9D6C-4947-889C-43C19C9C699F}.Debug|x64.Build.0 = Debug|Any CPU
		{FFB05F9F-9D6C-4947-889C-43C19C9C699F}.Debug|x86.ActiveCfg = Debug|Any CPU
		{FFB05F9F-9D6C-4947-889C-43C19C9C699F}.Debug|x86.Build.0 = Debug|Any CPU
		{FFB05F9F-9D6C-4947-889C-43C19C9C699F}.Release|Any CPU.ActiveCfg = Release|Any CPU
		{FFB05F9F-9D6C-4947-889C-43C19C9C699F}.Release|Any CPU.Build.0 = Release|Any CPU
		{FFB05F9F-9D6C-4947-889C-43C19C9C699F}.Release|x64.ActiveCfg = Release|Any CPU
		{FFB05F9F-9D6C-4947-889C-43C19C9C699F}.Release|x64.Build.0 = Release|Any CPU
		{FFB05F9F-9D6C-4947-889C-43C19C9C699F}.Release|x86.ActiveCfg = Release|Any CPU
		{FFB05F9F-9D6C-4947-889C-43C19C9C699F}.Release|x86.Build.0 = Release|Any CPU
		{445D0053-B266-4F4E-9DFE-658CA2E0EC8E}.Debug|Any CPU.ActiveCfg = Debug|Any CPU
		{445D0053-B266-4F4E-9DFE-658CA2E0EC8E}.Debug|Any CPU.Build.0 = Debug|Any CPU
		{445D0053-B266-4F4E-9DFE-658CA2E0EC8E}.Debug|x64.ActiveCfg = Debug|Any CPU
		{445D0053-B266-4F4E-9DFE-658CA2E0EC8E}.Debug|x64.Build.0 = Debug|Any CPU
		{445D0053-B266-4F4E-9DFE-658CA2E0EC8E}.Debug|x86.ActiveCfg = Debug|Any CPU
		{445D0053-B266-4F4E-9DFE-658CA2E0EC8E}.Debug|x86.Build.0 = Debug|Any CPU
		{445D0053-B266-4F4E-9DFE-658CA2E0EC8E}.Release|Any CPU.ActiveCfg = Release|Any CPU
		{445D0053-B266-4F4E-9DFE-658CA2E0EC8E}.Release|Any CPU.Build.0 = Release|Any CPU
		{445D0053-B266-4F4E-9DFE-658CA2E0EC8E}.Release|x64.ActiveCfg = Release|Any CPU
		{445D0053-B266-4F4E-9DFE-658CA2E0EC8E}.Release|x64.Build.0 = Release|Any CPU
		{445D0053-B266-4F4E-9DFE-658CA2E0EC8E}.Release|x86.ActiveCfg = Release|Any CPU
		{445D0053-B266-4F4E-9DFE-658CA2E0EC8E}.Release|x86.Build.0 = Release|Any CPU
		{725E14FF-E012-4CB9-BBB0-73185BA6486B}.Debug|Any CPU.ActiveCfg = Debug|Any CPU
		{725E14FF-E012-4CB9-BBB0-73185BA6486B}.Debug|Any CPU.Build.0 = Debug|Any CPU
		{725E14FF-E012-4CB9-BBB0-73185BA6486B}.Debug|x64.ActiveCfg = Debug|Any CPU
		{725E14FF-E012-4CB9-BBB0-73185BA6486B}.Debug|x64.Build.0 = Debug|Any CPU
		{725E14FF-E012-4CB9-BBB0-73185BA6486B}.Debug|x86.ActiveCfg = Debug|Any CPU
		{725E14FF-E012-4CB9-BBB0-73185BA6486B}.Debug|x86.Build.0 = Debug|Any CPU
		{725E14FF-E012-4CB9-BBB0-73185BA6486B}.Release|Any CPU.ActiveCfg = Release|Any CPU
		{725E14FF-E012-4CB9-BBB0-73185BA6486B}.Release|Any CPU.Build.0 = Release|Any CPU
		{725E14FF-E012-4CB9-BBB0-73185BA6486B}.Release|x64.ActiveCfg = Release|Any CPU
		{725E14FF-E012-4CB9-BBB0-73185BA6486B}.Release|x64.Build.0 = Release|Any CPU
		{725E14FF-E012-4CB9-BBB0-73185BA6486B}.Release|x86.ActiveCfg = Release|Any CPU
		{725E14FF-E012-4CB9-BBB0-73185BA6486B}.Release|x86.Build.0 = Release|Any CPU
	EndGlobalSection
	GlobalSection(SolutionProperties) = preSolution
		HideSolutionNode = FALSE
	EndGlobalSection
EndGlobal
